
Microsoft Visual Studio Solution File, Format Version 12.00
# Visual Studio Version 17
VisualStudioVersion = 17.0.32112.339
MinimumVisualStudioVersion = 10.0.40219.1
Project("{FAE04EC0-301F-11D3-BF4B-00C04F79EFBC}") = "BlazorWasmPwaStaticFileIssue", "BlazorWasmPwaStaticFileIssue\BlazorWasmPwaStaticFileIssue.csproj", "{4DB815F5-61FC-41DC-8D76-41374A62C64D}"
EndProject
Global
	GlobalSection(SolutionConfigurationPlatforms) = preSolution
		Debug|Any CPU = Debug|Any CPU
		Release|Any CPU = Release|Any CPU
	EndGlobalSection
	GlobalSection(ProjectConfigurationPlatforms) = postSolution
		{4DB815F5-61FC-41DC-8D76-41374A62C64D}.Debug|Any CPU.ActiveCfg = Debug|Any CPU
		{4DB815F5-61FC-41DC-8D76-41374A62C64D}.Debug|Any CPU.Build.0 = Debug|Any CPU
		{4DB815F5-61FC-41DC-8D76-41374A62C64D}.Release|Any CPU.ActiveCfg = Release|Any CPU
		{4DB815F5-61FC-41DC-8D76-41374A62C64D}.Release|Any CPU.Build.0 = Release|Any CPU
	EndGlobalSection
	GlobalSection(SolutionProperties) = preSolution
		HideSolutionNode = FALSE
	EndGlobalSection
	GlobalSection(ExtensibilityGlobals) = postSolution
		SolutionGuid = {BA5DA679-01C5-42C4-BEBD-378B1D806A4E}
	EndGlobalSection
EndGlobal
